
Microsoft Visual Studio Solution File, Format Version 12.00
# Visual Studio Version 16
VisualStudioVersion = 16.0.30114.105
MinimumVisualStudioVersion = 10.0.40219.1
Project("{9A19103F-16F7-4668-BE54-9A1E7A4F7556}") = "MscJobsForDisabled.WebService", "MscJobsForDisabled.WebService\MscJobsForDisabled.WebService.csproj", "{3DE802E7-68A3-4DF3-A1A1-DC10F0C6AFD9}"
EndProject
Global
	GlobalSection(SolutionConfigurationPlatforms) = preSolution
		Debug|Any CPU = Debug|Any CPU
		Release|Any CPU = Release|Any CPU
	EndGlobalSection
	GlobalSection(ProjectConfigurationPlatforms) = postSolution
		{3DE802E7-68A3-4DF3-A1A1-DC10F0C6AFD9}.Debug|Any CPU.ActiveCfg = Debug|Any CPU
		{3DE802E7-68A3-4DF3-A1A1-DC10F0C6AFD9}.Debug|Any CPU.Build.0 = Debug|Any CPU
		{3DE802E7-68A3-4DF3-A1A1-DC10F0C6AFD9}.Release|Any CPU.ActiveCfg = Release|Any CPU
		{3DE802E7-68A3-4DF3-A1A1-DC10F0C6AFD9}.Release|Any CPU.Build.0 = Release|Any CPU
	EndGlobalSection
	GlobalSection(SolutionProperties) = preSolution
		HideSolutionNode = FALSE
	EndGlobalSection
	GlobalSection(ExtensibilityGlobals) = postSolution
		SolutionGuid = {38FBD8DE-CE3E-4019-B275-4DC1CA78064B}
	EndGlobalSection
EndGlobal
